<?xml version="1.0" encoding="utf-8"?>
<Project ToolsVersion="4.0" xmlns="http://schemas.microsoft.com/developer/msbuild/2003">
  <ItemGroup>
    <ClCompile Include="main.cpp" />
  </ItemGroup>
  <ItemGroup>
    <Filter Include="main">
      <UniqueIdentifier>{9ee24968-cbf8-4d8e-a310-f58a07295e50}</UniqueIdentifier>
    </Filter>
  </ItemGroup>
</Project>